// !$*UTF8*$!
{
	archiveVersion = 1;
	classes = {
	};
	objectVersion = 46;
	objects = {

/* Begin PBXBuildFile section */
		A31FFD424915A7D6C997111F /* Pods.framework in Frameworks */ = {isa = PBXBuildFile; fileRef = FD60A27F2A481739B73E65CB /* Pods.framework */; settings = {ATTRIBUTES = (Weak, ); }; };
		B541CCB21BFACEB200CC8228 /* AppDelegate.swift in Sources */ = {isa = PBXBuildFile; fileRef = B541CCB11BFACEB200CC8228 /* AppDelegate.swift */; };
		B541CCB41BFACEB200CC8228 /* ViewController.swift in Sources */ = {isa = PBXBuildFile; fileRef = B541CCB31BFACEB200CC8228 /* ViewController.swift */; };
		B541CCB71BFACEB200CC8228 /* Main.storyboard in Resources */ = {isa = PBXBuildFile; fileRef = B541CCB51BFACEB200CC8228 /* Main.storyboard */; };
		B541CCB91BFACEB200CC8228 /* Assets.xcassets in Resources */ = {isa = PBXBuildFile; fileRef = B541CCB81BFACEB200CC8228 /* Assets.xcassets */; };
		B541CCBC1BFACEB200CC8228 /* LaunchScreen.storyboard in Resources */ = {isa = PBXBuildFile; fileRef = B541CCBA1BFACEB200CC8228 /* LaunchScreen.storyboard */; };
		B541CCC41BFACFA900CC8228 /* MainView.swift in Sources */ = {isa = PBXBuildFile; fileRef = B541CCC31BFACFA900CC8228 /* MainView.swift */; };
/* End PBXBuildFile section */

/* Begin PBXFileReference section */
		00BA6AE1A82433DC274760B3 /* Pods.release.xcconfig */ = {isa = PBXFileReference; includeInIndex = 1; lastKnownFileType = text.xcconfig; name = Pods.release.xcconfig; path = "Pods/Target Support Files/Pods/Pods.release.xcconfig"; sourceTree = "<group>"; };
		B541CCAE1BFACEB200CC8228 /* SearchBar.app */ = {isa = PBXFileReference; explicitFileType = wrapper.application; includeInIndex = 0; path = SearchBar.app; sourceTree = BUILT_PRODUCTS_DIR; };
		B541CCB11BFACEB200CC8228 /* AppDelegate.swift */ = {isa = PBXFileReference; lastKnownFileType = sourcecode.swift; path = AppDelegate.swift; sourceTree = "<group>"; };
		B541CCB31BFACEB200CC8228 /* ViewController.swift */ = {isa = PBXFileReference; lastKnownFileType = sourcecode.swift; path = ViewController.swift; sourceTree = "<group>"; };
		B541CCB61BFACEB200CC8228 /* Base */ = {isa = PBXFileReference; lastKnownFileType = file.storyboard; name = Base; path = Base.lproj/Main.storyboard; sourceTree = "<group>"; };
		B541CCB81BFACEB200CC8228 /* Assets.xcassets */ = {isa = PBXFileReference; lastKnownFileType = folder.assetcatalog; path = Assets.xcassets; sourceTree = "<group>"; };
		B541CCBB1BFACEB200CC8228 /* Base */ = {isa = PBXFileReference; lastKnownFileType = file.storyboard; name = Base; path = Base.lproj/LaunchScreen.storyboard; sourceTree = "<group>"; };
		B541CCBD1BFACEB200CC8228 /* Info.plist */ = {isa = PBXFileReference; lastKnownFileType = text.plist.xml; path = Info.plist; sourceTree = "<group>"; };
		B541CCC31BFACFA900CC8228 /* MainView.swift */ = {isa = PBXFileReference; fileEncoding = 4; lastKnownFileType = sourcecode.swift; path = MainView.swift; sourceTree = "<group>"; };
		BF9AB5FC996CD83F5EE83032 /* Pods.debug.xcconfig */ = {isa = PBXFileReference; includeInIndex = 1; lastKnownFileType = text.xcconfig; name = Pods.debug.xcconfig; path = "Pods/Target Support Files/Pods/Pods.debug.xcconfig"; sourceTree = "<group>"; };
		FD60A27F2A481739B73E65CB /* Pods.framework */ = {isa = PBXFileReference; explicitFileType = wrapper.framework; includeInIndex = 0; path = Pods.framework; sourceTree = BUILT_PRODUCTS_DIR; };
/* End PBXFileReference section */

/* Begin PBXFrameworksBuildPhase section */
		B541CCAB1BFACEB200CC8228 /* Frameworks */ = {
			isa = PBXFrameworksBuildPhase;
			buildActionMask = 2147483647;
			files = (
				A31FFD424915A7D6C997111F /* Pods.framework in Frameworks */,
			);
			runOnlyForDeploymentPostprocessing = 0;
		};
/* End PBXFrameworksBuildPhase section */

/* Begin PBXGroup section */
		B541CCA51BFACEB200CC8228 = {
			isa = PBXGroup;
			children = (
				B541CCB01BFACEB200CC8228 /* SearchBar */,
				B541CCAF1BFACEB200CC8228 /* Products */,
				EE933D132CA8EE38C5990FEA /* Pods */,
				E4ED64B43D74A3225321DB0C /* Frameworks */,
			);
			sourceTree = "<group>";
		};
		B541CCAF1BFACEB200CC8228 /* Products */ = {
			isa = PBXGroup;
			children = (
				B541CCAE1BFACEB200CC8228 /* SearchBar.app */,
			);
			name = Products;
			sourceTree = "<group>";
		};
		B541CCB01BFACEB200CC8228 /* SearchBar */ = {
			isa = PBXGroup;
			children = (
				B541CCB11BFACEB200CC8228 /* AppDelegate.swift */,
				B541CCB31BFACEB200CC8228 /* ViewController.swift */,
				B541CCC31BFACFA900CC8228 /* MainView.swift */,
				B541CCB51BFACEB200CC8228 /* Main.storyboard */,
				B541CCB81BFACEB200CC8228 /* Assets.xcassets */,
				B541CCBA1BFACEB200CC8228 /* LaunchScreen.storyboard */,
				B541CCBD1BFACEB200CC8228 /* Info.plist */,
			);
			path = SearchBar;
			sourceTree = "<group>";
		};
		E4ED64B43D74A3225321DB0C /* Frameworks */ = {
			isa = PBXGroup;
			children = (
				FD60A27F2A481739B73E65CB /* Pods.framework */,
			);
			name = Frameworks;
			sourceTree = "<group>";
		};
		EE933D132CA8EE38C5990FEA /* Pods */ = {
			isa = PBXGroup;
			children = (
				BF9AB5FC996CD83F5EE83032 /* Pods.debug.xcconfig */,
				00BA6AE1A82433DC274760B3 /* Pods.release.xcconfig */,
			);
			name = Pods;
			sourceTree = "<group>";
		};
/* End PBXGroup section */

/* Begin PBXNativeTarget section */
		B541CCAD1BFACEB200CC8228 /* SearchBar */ = {
			isa = PBXNativeTarget;
			buildConfigurationList = B541CCC01BFACEB200CC8228 /* Build configuration list for PBXNativeTarget "SearchBar" */;
			buildPhases = (
				7FCE12DA9B09F72371877603 /* Check Pods Manifest.lock */,
				B541CCAA1BFACEB200CC8228 /* Sources */,
				B541CCAB1BFACEB200CC8228 /* Frameworks */,
				B541CCAC1BFACEB200CC8228 /* Resources */,
				0ABE8CCF8B99D364AEE037F6 /* Embed Pods Frameworks */,
				B99BA75F2248BC47356296FF /* Copy Pods Resources */,
			);
			buildRules = (
			);
			dependencies = (
			);
			name = SearchBar;
			productName = SearchBar;
			productReference = B541CCAE1BFACEB200CC8228 /* SearchBar.app */;
			productType = "com.apple.product-type.application";
		};
/* End PBXNativeTarget section */

/* Begin PBXProject section */
		B541CCA61BFACEB200CC8228 /* Project object */ = {
			isa = PBXProject;
			attributes = {
				LastUpgradeCheck = 0700;
				ORGANIZATIONNAME = "Ben Meline";
				TargetAttributes = {
					B541CCAD1BFACEB200CC8228 = {
						CreatedOnToolsVersion = 7.0.1;
					};
				};
			};
			buildConfigurationList = B541CCA91BFACEB200CC8228 /* Build configuration list for PBXProject "SearchBar" */;
			compatibilityVersion = "Xcode 3.2";
			developmentRegion = English;
			hasScannedForEncodings = 0;
			knownRegions = (
				en,
				Base,
			);
			mainGroup = B541CCA51BFACEB200CC8228;
			productRefGroup = B541CCAF1BFACEB200CC8228 /* Products */;
			projectDirPath = "";
			projectRoot = "";
			targets = (
				B541CCAD1BFACEB200CC8228 /* SearchBar */,
			);
		};
/* End PBXProject section */

/* Begin PBXResourcesBuildPhase section */
		B541CCAC1BFACEB200CC8228 /* Resources */ = {
			isa = PBXResourcesBuildPhase;
			buildActionMask = 2147483647;
			files = (
				B541CCBC1BFACEB200CC8228 /* LaunchScreen.storyboard in Resources */,
				B541CCB91BFACEB200CC8228 /* Assets.xcassets in Resources */,
				B541CCB71BFACEB200CC8228 /* Main.storyboard in Resources */,
			);
			runOnlyForDeploymentPostprocessing = 0;
		};
/* End PBXResourcesBuildPhase section */

/* Begin PBXShellScriptBuildPhase section */
		0ABE8CCF8B99D364AEE037F6 /* Embed Pods Frameworks */ = {
			isa = PBXShellScriptBuildPhase;
			buildActionMask = 2147483647;
			files = (
			);
			inputPaths = (
			);
			name = "Embed Pods Frameworks";
			outputPaths = (
			);
			runOnlyForDeploymentPostprocessing = 0;
			shellPath = /bin/sh;
			shellScript = "\"${SRCROOT}/Pods/Target Support Files/Pods/Pods-frameworks.sh\"\n";
			showEnvVarsInLog = 0;
		};
		7FCE12DA9B09F72371877603 /* Check Pods Manifest.lock */ = {
			isa = PBXShellScriptBuildPhase;
			buildActionMask = 2147483647;
			files = (
			);
			inputPaths = (
			);
			name = "Check Pods Manifest.lock";
			outputPaths = (
			);
			runOnlyForDeploymentPostprocessing = 0;
			shellPath = /bin/sh;
			shellScript = "diff \"${PODS_ROOT}/../Podfile.lock\" \"${PODS_ROOT}/Manifest.lock\" > /dev/null\nif [[ $? != 0 ]] ; then\n    cat << EOM\nerror: The sandbox is not in sync with the Podfile.lock. Run 'pod install' or update your CocoaPods installation.\nEOM\n    exit 1\nfi\n";
			showEnvVarsInLog = 0;
		};
		B99BA75F2248BC47356296FF /* Copy Pods Resources */ = {
			isa = PBXShellScriptBuildPhase;
			buildActionMask = 2147483647;
			files = (
			);
			inputPaths = (
			);
			name = "Copy Pods Resources";
			outputPaths = (
			);
			runOnlyForDeploymentPostprocessing = 0;
			shellPath = /bin/sh;
			shellScript = "\"${SRCROOT}/Pods/Target Support Files/Pods/Pods-resources.sh\"\n";
			showEnvVarsInLog = 0;
		};
/* End PBXShellScriptBuildPhase section */

/* Begin PBXSourcesBuildPhase section */
		B541CCAA1BFACEB200CC8228 /* Sources */ = {
			isa = PBXSourcesBuildPhase;
			buildActionMask = 2147483647;
			files = (
				B541CCB41BFACEB200CC8228 /* ViewController.swift in Sources */,
				B541CCC41BFACFA900CC8228 /* MainView.swift in Sources */,
				B541CCB21BFACEB200CC8228 /* AppDelegate.swift in Sources */,
			);
			runOnlyForDeploymentPostprocessing = 0;
		};
/* End PBXSourcesBuildPhase section */

/* Begin PBXVariantGroup section */
		B541CCB51BFACEB200CC8228 /* Main.storyboard */ = {
			isa = PBXVariantGroup;
			children = (
				B541CCB61BFACEB200CC8228 /* Base */,
			);
			name = Main.storyboard;
			sourceTree = "<group>";
		};
		B541CCBA1BFACEB200CC8228 /* LaunchScreen.storyboard */ = {
			isa = PBXVariantGroup;
			children = (
				B541CCBB1BFACEB200CC8228 /* Base */,
			);
			name = LaunchScreen.storyboard;
			sourceTree = "<group>";
		};
/* End PBXVariantGroup section */

/* Begin XCBuildConfiguration section */
		B541CCBE1BFACEB200CC8228 /* Debug */ = {
			isa = XCBuildConfiguration;
			buildSettings = {
				ALWAYS_SEARCH_USER_PATHS = NO;
				CLANG_CXX_LANGUAGE_STANDARD = "gnu++0x";
				CLANG_CXX_LIBRARY = "libc++";
				CLANG_ENABLE_MODULES = YES;
				CLANG_ENABLE_OBJC_ARC = YES;
				CLANG_WARN_BOOL_CONVERSION = YES;
				CLANG_WARN_CONSTANT_CONVERSION = YES;
				CLANG_WARN_DIRECT_OBJC_ISA_USAGE = YES_ERROR;
				CLANG_WARN_EMPTY_BODY = YES;
				CLANG_WARN_ENUM_CONVERSION = YES;
				CLANG_WARN_INT_CONVERSION = YES;
				CLANG_WARN_OBJC_ROOT_CLASS = YES_ERROR;
				CLANG_WARN_UNREACHABLE_CODE = YES;
				CLANG_WARN__DUPLICATE_METHOD_MATCH = YES;
				"CODE_SIGN_IDENTITY[sdk=iphoneos*]" = "iPhone Developer";
				COPY_PHASE_STRIP = NO;
				DEBUG_INFORMATION_FORMAT = dwarf;
				ENABLE_STRICT_OBJC_MSGSEND = YES;
				ENABLE_TESTABILITY = YES;
				GCC_C_LANGUAGE_STANDARD = gnu99;
				GCC_DYNAMIC_NO_PIC = NO;
				GCC_NO_COMMON_BLOCKS = YES;
				GCC_OPTIMIZATION_LEVEL = 0;
				GCC_PREPROCESSOR_DEFINITIONS = (
					"DEBUG=1",
					"$(inherited)",
				);
				GCC_WARN_64_TO_32_BIT_CONVERSION = YES;
				GCC_WARN_ABOUT_RETURN_TYPE = YES_ERROR;
				GCC_WARN_UNDECLARED_SELECTOR = YES;
				GCC_WARN_UNINITIALIZED_AUTOS = YES_AGGRESSIVE;
				GCC_WARN_UNUSED_FUNCTION = YES;
				GCC_WARN_UNUSED_VARIABLE = YES;
				IPHONEOS_DEPLOYMENT_TARGET = 9.0;
				MTL_ENABLE_DEBUG_INFO = YES;
				ONLY_ACTIVE_ARCH = YES;
				SDKROOT = iphoneos;
				SWIFT_OPTIMIZATION_LEVEL = "-Onone";
				TARGETED_DEVICE_FAMILY = "1,2";
			};
			name = Debug;
		};
		B541CCBF1BFACEB200CC8228 /* Release */ = {
			isa = XCBuildConfiguration;
			buildSettings = {
				ALWAYS_SEARCH_USER_PATHS = NO;
				CLANG_CXX_LANGUAGE_STANDARD = "gnu++0x";
				CLANG_CXX_LIBRARY = "libc++";
				CLANG_ENABLE_MODULES = YES;
				CLANG_ENABLE_OBJC_ARC = YES;
				CLANG_WARN_BOOL_CONVERSION = YES;
				CLANG_WARN_CONSTANT_CONVERSION = YES;
				CLANG_WARN_DIRECT_OBJC_ISA_USAGE = YES_ERROR;
				CLANG_WARN_EMPTY_BODY = YES;
				CLANG_WARN_ENUM_CONVERSION = YES;
				CLANG_WARN_INT_CONVERSION = YES;
				CLANG_WARN_OBJC_ROOT_CLASS = YES_ERROR;
				CLANG_WARN_UNREACHABLE_CODE = YES;
				CLANG_WARN__DUPLICATE_METHOD_MATCH = YES;
				"CODE_SIGN_IDENTITY[sdk=iphoneos*]" = "iPhone Developer";
				COPY_PHASE_STRIP = NO;
				DEBUG_INFORMATION_FORMAT = "dwarf-with-dsym";
				ENABLE_NS_ASSERTIONS = NO;
				ENABLE_STRICT_OBJC_MSGSEND = YES;
				GCC_C_LANGUAGE_STANDARD = gnu99;
				GCC_NO_COMMON_BLOCKS = YES;
				GCC_WARN_64_TO_32_BIT_CONVERSION = YES;
				GCC_WARN_ABOUT_RETURN_TYPE = YES_ERROR;
				GCC_WARN_UNDECLARED_SELECTOR = YES;
				GCC_WARN_UNINITIALIZED_AUTOS = YES_AGGRESSIVE;
				GCC_WARN_UNUSED_FUNCTION = YES;
				GCC_WARN_UNUSED_VARIABLE = YES;
				IPHONEOS_DEPLOYMENT_TARGET = 9.0;
				MTL_ENABLE_DEBUG_INFO = NO;
				SDKROOT = iphoneos;
				TARGETED_DEVICE_FAMILY = "1,2";
				VALIDATE_PRODUCT = YES;
			};
			name = Release;
		};
		B541CCC11BFACEB200CC8228 /* Debug */ = {
			isa = XCBuildConfiguration;
			baseConfigurationReference = BF9AB5FC996CD83F5EE83032 /* Pods.debug.xcconfig */;
			buildSettings = {
				ASSETCATALOG_COMPILER_APPICON_NAME = AppIcon;
				INFOPLIST_FILE = SearchBar/Info.plist;
				IPHONEOS_DEPLOYMENT_TARGET = 9.0;
				LD_RUNPATH_SEARCH_PATHS = "$(inherited) @executable_path/Frameworks";
				PRODUCT_BUNDLE_IDENTIFIER = com.benmeline.SearchBar;
				PRODUCT_NAME = "$(TARGET_NAME)";
			};
			name = Debug;
		};
		B541CCC21BFACEB200CC8228 /* Release */ = {
			isa = XCBuildConfiguration;
			baseConfigurationReference = 00BA6AE1A82433DC274760B3 /* Pods.release.xcconfig */;
			buildSettings = {
				ASSETCATALOG_COMPILER_APPICON_NAME = AppIcon;
				INFOPLIST_FILE = SearchBar/Info.plist;
				IPHONEOS_DEPLOYMENT_TARGET = 9.0;
				LD_RUNPATH_SEARCH_PATHS = "$(inherited) @executable_path/Frameworks";
				PRODUCT_BUNDLE_IDENTIFIER = com.benmeline.SearchBar;
				PRODUCT_NAME = "$(TARGET_NAME)";
			};
			name = Release;
		};
/* End XCBuildConfiguration section */

/* Begin XCConfigurationList section */
		B541CCA91BFACEB200CC8228 /* Build configuration list for PBXProject "SearchBar" */ = {
			isa = XCConfigurationList;
			buildConfigurations = (
				B541CCBE1BFACEB200CC8228 /* Debug */,
				B541CCBF1BFACEB200CC8228 /* Release */,
			);
			defaultConfigurationIsVisible = 0;
			defaultConfigurationName = Release;
		};
		B541CCC01BFACEB200CC8228 /* Build configuration list for PBXNativeTarget "SearchBar" */ = {
			isa = XCConfigurationList;
			buildConfigurations = (
				B541CCC11BFACEB200CC8228 /* Debug */,
				B541CCC21BFACEB200CC8228 /* Release */,
			);
			defaultConfigurationIsVisible = 0;
			defaultConfigurationName = Release;
		};
/* End XCConfigurationList section */
	};
	rootObject = B541CCA61BFACEB200CC8228 /* Project object */;
}
